
Microsoft Visual Studio Solution File, Format Version 12.00
# Visual Studio 14
VisualStudioVersion = 14.0.24720.0
MinimumVisualStudioVersion = 10.0.40219.1
Project("{8BC9CEB8-8B4A-11D0-8D11-00A0C91BC942}") = "FreeImageLiteVS2015", "FreeImageLiteVS2015\FreeImageLiteVS2015.vcxproj", "{F18B5283-232C-4CE6-B714-0155C2B94B45}"
EndProject
Project("{8BC9CEB8-8B4A-11D0-8D11-00A0C91BC942}") = "TestOfLinking", "TestOfLinking\TestOfLinking.vcxproj", "{719F7600-9E09-4A52-ADB0-6E808C728A1C}"
EndProject
Global
	GlobalSection(SolutionConfigurationPlatforms) = preSolution
		Debug|x64 = Debug|x64
		Debug|x86 = Debug|x86
		Release|x64 = Release|x64
		Release|x86 = Release|x86
	EndGlobalSection
	GlobalSection(ProjectConfigurationPlatforms) = postSolution
		{F18B5283-232C-4CE6-B714-0155C2B94B45}.Debug|x64.ActiveCfg = Debug|x64
		{F18B5283-232C-4CE6-B714-0155C2B94B45}.Debug|x64.Build.0 = Debug|x64
		{F18B5283-232C-4CE6-B714-0155C2B94B45}.Debug|x86.ActiveCfg = Debug|Win32
		{F18B5283-232C-4CE6-B714-0155C2B94B45}.Debug|x86.Build.0 = Debug|Win32
		{F18B5283-232C-4CE6-B714-0155C2B94B45}.Release|x64.ActiveCfg = Release|x64
		{F18B5283-232C-4CE6-B714-0155C2B94B45}.Release|x64.Build.0 = Release|x64
		{F18B5283-232C-4CE6-B714-0155C2B94B45}.Release|x86.ActiveCfg = Release|Win32
		{F18B5283-232C-4CE6-B714-0155C2B94B45}.Release|x86.Build.0 = Release|Win32
		{719F7600-9E09-4A52-ADB0-6E808C728A1C}.Debug|x64.ActiveCfg = Debug|x64
		{719F7600-9E09-4A52-ADB0-6E808C728A1C}.Debug|x64.Build.0 = Debug|x64
		{719F7600-9E09-4A52-ADB0-6E808C728A1C}.Debug|x86.ActiveCfg = Debug|Win32
		{719F7600-9E09-4A52-ADB0-6E808C728A1C}.Debug|x86.Build.0 = Debug|Win32
		{719F7600-9E09-4A52-ADB0-6E808C728A1C}.Release|x64.ActiveCfg = Release|x64
		{719F7600-9E09-4A52-ADB0-6E808C728A1C}.Release|x64.Build.0 = Release|x64
		{719F7600-9E09-4A52-ADB0-6E808C728A1C}.Release|x86.ActiveCfg = Release|Win32
		{719F7600-9E09-4A52-ADB0-6E808C728A1C}.Release|x86.Build.0 = Release|Win32
	EndGlobalSection
	GlobalSection(SolutionProperties) = preSolution
		HideSolutionNode = FALSE
	EndGlobalSection
EndGlobal
