<?xml version="1.0" encoding="utf-8"?>
<Project ToolsVersion="4.0" xmlns="http://schemas.microsoft.com/developer/msbuild/2003">
  <ItemGroup>
    <Filter Include="Header Files">
      <UniqueIdentifier>{93995380-89BD-4b04-88EB-625FBE52EBFB}</UniqueIdentifier>
      <Extensions>h;hpp;hxx;hm;inl;inc;xsd</Extensions>
    </Filter>
    <Filter Include="Header Files">
      <UniqueIdentifier>{93995380-89BD-4b04-88EB-625FBE52EBFB}</UniqueIdentifier>
      <Extensions>h;hpp;hxx;hm;inl;inc;xsd</Extensions>
    </Filter>
    <Filter Include="Source Files">
      <UniqueIdentifier>{4FC737F1-C7A5-4376-A066-2A32D752A2FF}</UniqueIdentifier>
      <Extensions>cpp;c;cxx;def;odl;idl;hpj;bat;asm;asmx</Extensions>
    </Filter>
    <Filter Include="Source Files">
      <UniqueIdentifier>{4FC737F1-C7A5-4376-A066-2A32D752A2FF}</UniqueIdentifier>
      <Extensions>cpp;c;cxx;def;odl;idl;hpj;bat;asm;asmx</Extensions>
    </Filter>
  </ItemGroup>
  <ItemGroup>
    <ClCompile Include="LunaDll\AC_HeartSystem.cpp">
      <Filter>Source Files</Filter>
    </ClCompile>
    <ClCompile Include="LunaDll\AC_LunaControl.cpp">
      <Filter>Source Files</Filter>
    </ClCompile>
    <ClCompile Include="LunaDll\Autocode.cpp">
      <Filter>Source Files</Filter>
    </ClCompile>
    <ClCompile Include="LunaDll\AutocodeManager.cpp">
      <Filter>Source Files</Filter>
    </ClCompile>
    <ClCompile Include="LunaDll\BMPBox.cpp">
      <Filter>Source Files</Filter>
    </ClCompile>
    <ClCompile Include="LunaDll\Blocks.cpp">
      <Filter>Source Files</Filter>
    </ClCompile>
    <ClCompile Include="LunaDll\CSprite.cpp">
      <Filter>Source Files</Filter>
    </ClCompile>
    <ClCompile Include="LunaDll\CSpriteManager.cpp">
      <Filter>Source Files</Filter>
    </ClCompile>
    <ClCompile Include="LunaDll\CellManager.cpp">
      <Filter>Source Files</Filter>
    </ClCompile>
    <ClCompile Include="LunaDll\DeathCounter.cpp">
      <Filter>Source Files</Filter>
    </ClCompile>
    <ClCompile Include="LunaDll\DeathRecord.cpp">
      <Filter>Source Files</Filter>
    </ClCompile>
    <ClCompile Include="LunaDll\Docopoper-AbstractAssault.lvl.cpp">
      <Filter>Source Files</Filter>
    </ClCompile>
    <ClCompile Include="LunaDll\Docopoper-Calleoca.cpp">
      <Filter>Source Files</Filter>
    </ClCompile>
    <ClCompile Include="LunaDll\Docopoper-TheFloorisLava.lvl..cpp">
      <Filter>Source Files</Filter>
    </ClCompile>
    <ClCompile Include="LunaDll\EnumCmd.cpp">
      <Filter>Source Files</Filter>
    </ClCompile>
    <ClCompile Include="LunaDll\EuroShellRandD.lvl.cpp">
      <Filter>Source Files</Filter>
    </ClCompile>
    <ClCompile Include="LunaDll\GenComp.cpp">
      <Filter>Source Files</Filter>
    </ClCompile>
    <ClCompile Include="LunaDll\Globals.cpp">
      <Filter>Source Files</Filter>
    </ClCompile>
    <ClCompile Include="LunaDll\Hitbox.cpp">
      <Filter>Source Files</Filter>
    </ClCompile>
    <ClCompile Include="LunaDll\Input.cpp">
      <Filter>Source Files</Filter>
    </ClCompile>
    <ClCompile Include="LunaDll\JosephStaleknight-CurtainTortoise.lvl.cpp">
      <Filter>Source Files</Filter>
    </ClCompile>
    <ClCompile Include="LunaDll\Keyboard.cpp">
      <Filter>Source Files</Filter>
    </ClCompile>
    <ClCompile Include="LunaDll\Kil-DemosBrain.cpp">
      <Filter>Source Files</Filter>
    </ClCompile>
    <ClCompile Include="LunaDll\Layer.cpp">
      <Filter>Source Files</Filter>
    </ClCompile>
    <ClCompile Include="LunaDll\Level.cpp">
      <Filter>Source Files</Filter>
    </ClCompile>
    <ClCompile Include="LunaDll\Logger.cpp">
      <Filter>Source Files</Filter>
    </ClCompile>
    <ClCompile Include="LunaDll\Main.cpp">
      <Filter>Source Files</Filter>
    </ClCompile>
    <ClCompile Include="LunaDll\MiscFuncs.cpp">
      <Filter>Source Files</Filter>
    </ClCompile>
    <ClCompile Include="LunaDll\NPCs.cpp">
      <Filter>Source Files</Filter>
    </ClCompile>
    <ClCompile Include="LunaDll\PerformanceTimer.cpp">
      <Filter>Source Files</Filter>
    </ClCompile>
    <ClCompile Include="LunaDll\PlayerMOB.cpp">
      <Filter>Source Files</Filter>
    </ClCompile>
    <ClCompile Include="LunaDll\RenderBitmapOp.cpp">
      <Filter>Source Files</Filter>
    </ClCompile>
    <ClCompile Include="LunaDll\RenderRectOp.cpp">
      <Filter>Source Files</Filter>
    </ClCompile>
    <ClCompile Include="LunaDll\Rendering.cpp">
      <Filter>Source Files</Filter>
    </ClCompile>
    <ClCompile Include="LunaDll\SAJewers-QraestoliaCaverns.lvl.cpp">
      <Filter>Source Files</Filter>
    </ClCompile>
    <ClCompile Include="LunaDll\SAJewers-Snowboardin.cpp">
      <Filter>Source Files</Filter>
    </ClCompile>
    <ClCompile Include="LunaDll\SMBXEvent.cpp">
      <Filter>Source Files</Filter>
    </ClCompile>
    <ClCompile Include="LunaDll\SMBXEvents.cpp">
      <Filter>Source Files</Filter>
    </ClCompile>
    <ClCompile Include="LunaDll\Sound.cpp">
      <Filter>Source Files</Filter>
    </ClCompile>
    <ClCompile Include="LunaDll\SpriteBehaviorFuncs.cpp">
      <Filter>Source Files</Filter>
    </ClCompile>
    <ClCompile Include="LunaDll\SpriteComponent.cpp">
      <Filter>Source Files</Filter>
    </ClCompile>
    <ClCompile Include="LunaDll\SpriteDrawFuncs.cpp">
      <Filter>Source Files</Filter>
    </ClCompile>
    <ClCompile Include="LunaDll\Talkhaus-Science_Final_Battle.cpp">
      <Filter>Source Files</Filter>
    </ClCompile>
    <ClCompile Include="LunaDll\dlltestlvlCode.cpp">
      <Filter>Source Files</Filter>
    </ClCompile>
  </ItemGroup>
  <ItemGroup>
    <ClInclude Include="LunaDll\Autocode.h">
      <Filter>Header Files</Filter>
    </ClInclude>
    <ClInclude Include="LunaDll\AutocodeManager.h">
      <Filter>Header Files</Filter>
    </ClInclude>
    <ClInclude Include="LunaDll\BMPBox.h">
      <Filter>Header Files</Filter>
    </ClInclude>
    <ClInclude Include="LunaDll\Blocks.h">
      <Filter>Header Files</Filter>
    </ClInclude>
    <ClInclude Include="LunaDll\CSprite.h">
      <Filter>Header Files</Filter>
    </ClInclude>
    <ClInclude Include="LunaDll\CSpriteManager.h">
      <Filter>Header Files</Filter>
    </ClInclude>
    <ClInclude Include="LunaDll\CellManager.h">
      <Filter>Header Files</Filter>
    </ClInclude>
    <ClInclude Include="LunaDll\DeathCounter.h">
      <Filter>Header Files</Filter>
    </ClInclude>
    <ClInclude Include="LunaDll\DeathRecord.h">
      <Filter>Header Files</Filter>
    </ClInclude>
    <ClInclude Include="LunaDll\Defines.h">
      <Filter>Header Files</Filter>
    </ClInclude>
    <ClInclude Include="LunaDll\Globals.h">
      <Filter>Header Files</Filter>
    </ClInclude>
    <ClInclude Include="LunaDll\Hitbox.h">
      <Filter>Header Files</Filter>
    </ClInclude>
    <ClInclude Include="LunaDll\Input.h">
      <Filter>Header Files</Filter>
    </ClInclude>
    <ClInclude Include="LunaDll\Keyboard.h">
      <Filter>Header Files</Filter>
    </ClInclude>
    <ClInclude Include="LunaDll\Layer.h">
      <Filter>Header Files</Filter>
    </ClInclude>
    <ClInclude Include="LunaDll\Level.h">
      <Filter>Header Files</Filter>
    </ClInclude>
    <ClInclude Include="LunaDll\LevelCodes.h">
      <Filter>Header Files</Filter>
    </ClInclude>
    <ClInclude Include="LunaDll\Logging.h">
      <Filter>Header Files</Filter>
    </ClInclude>
    <ClInclude Include="LunaDll\Main.h">
      <Filter>Header Files</Filter>
    </ClInclude>
    <ClInclude Include="LunaDll\MiscFuncs.h">
      <Filter>Header Files</Filter>
    </ClInclude>
    <ClInclude Include="LunaDll\NPCs.h">
      <Filter>Header Files</Filter>
    </ClInclude>
    <ClInclude Include="LunaDll\PerformanceTimer.h">
      <Filter>Header Files</Filter>
    </ClInclude>
    <ClInclude Include="LunaDll\PlayerMOB.h">
      <Filter>Header Files</Filter>
    </ClInclude>
    <ClInclude Include="LunaDll\RenderBitmapOp.h">
      <Filter>Header Files</Filter>
    </ClInclude>
    <ClInclude Include="LunaDll\RenderOp.h">
      <Filter>Header Files</Filter>
    </ClInclude>
    <ClInclude Include="LunaDll\RenderRectOp.h">
      <Filter>Header Files</Filter>
    </ClInclude>
    <ClInclude Include="LunaDll\RenderString.h">
      <Filter>Header Files</Filter>
    </ClInclude>
    <ClInclude Include="LunaDll\Rendering.h">
      <Filter>Header Files</Filter>
    </ClInclude>
    <ClInclude Include="LunaDll\SMBXEvents.h">
      <Filter>Header Files</Filter>
    </ClInclude>
    <ClInclude Include="LunaDll\Sound.h">
      <Filter>Header Files</Filter>
    </ClInclude>
    <ClInclude Include="LunaDll\SpriteComponent.h">
      <Filter>Header Files</Filter>
    </ClInclude>
    <ClInclude Include="LunaDll\SpriteFuncs.h">
      <Filter>Header Files</Filter>
    </ClInclude>
    <ClInclude Include="LunaDll\TriggerZone.h">
      <Filter>Header Files</Filter>
    </ClInclude>
  </ItemGroup>
</Project>